
Microsoft Visual Studio Solution File, Format Version 12.00
# Visual Studio Version 17
VisualStudioVersion = 17.10.35122.118
MinimumVisualStudioVersion = 10.0.40219.1
Project("{FAE04EC0-301F-11D3-BF4B-00C04F79EFBC}") = "Dotnet.TaslWhenAllUseCase.ConsoleApp", "Dotnet.TaslWhenAllUseCase.ConsoleApp\Dotnet.TaslWhenAllUseCase.ConsoleApp.csproj", "{3B918F92-6634-4E9D-B1E1-C61A4F2CB320}"
EndProject
Global
	GlobalSection(SolutionConfigurationPlatforms) = preSolution
		Debug|Any CPU = Debug|Any CPU
		Release|Any CPU = Release|Any CPU
	EndGlobalSection
	GlobalSection(ProjectConfigurationPlatforms) = postSolution
		{3B918F92-6634-4E9D-B1E1-C61A4F2CB320}.Debug|Any CPU.ActiveCfg = Debug|Any CPU
		{3B918F92-6634-4E9D-B1E1-C61A4F2CB320}.Debug|Any CPU.Build.0 = Debug|Any CPU
		{3B918F92-6634-4E9D-B1E1-C61A4F2CB320}.Release|Any CPU.ActiveCfg = Release|Any CPU
		{3B918F92-6634-4E9D-B1E1-C61A4F2CB320}.Release|Any CPU.Build.0 = Release|Any CPU
	EndGlobalSection
	GlobalSection(SolutionProperties) = preSolution
		HideSolutionNode = FALSE
	EndGlobalSection
	GlobalSection(ExtensibilityGlobals) = postSolution
		SolutionGuid = {58B12CF2-6835-44DC-836F-B5D23C44890E}
	EndGlobalSection
EndGlobal
